
Microsoft Visual Studio Solution File, Format Version 12.00
# Visual Studio Version 17
VisualStudioVersion = 17.5.33530.505
MinimumVisualStudioVersion = 10.0.40219.1
Project("{D954291E-2A0B-460D-934E-DC6B0785DB48}") = "My.Core", "My.Core\My.Core.shproj", "{D6B68CA1-0BCB-453A-A3D2-7024BCE8E4CE}"
EndProject
Project("{9A19103F-16F7-4668-BE54-9A1E7A4F7556}") = "My.Unity", "My.Unity\My.Unity.csproj", "{92CF72D3-3B38-4DA9-A9CB-19685A590C10}"
EndProject
Project("{9A19103F-16F7-4668-BE54-9A1E7A4F7556}") = "My.RPG", "My.RPG\My.RPG.csproj", "{C2084A5A-43CD-4D64-9884-D3574252C5B0}"
EndProject
Project("{9A19103F-16F7-4668-BE54-9A1E7A4F7556}") = "My.Football", "My.Football\My.Football.csproj", "{6BB2F420-9219-431C-B577-BDE334FABE84}"
EndProject
Project("{9A19103F-16F7-4668-BE54-9A1E7A4F7556}") = "My.RPG.Dialog", "My.RPG.Dialog\My.RPG.Dialog.csproj", "{C6B906DF-FB0C-4374-B3B9-060C8BC2760D}"
EndProject
Global
	GlobalSection(SolutionConfigurationPlatforms) = preSolution
		Debug|Any CPU = Debug|Any CPU
		Release|Any CPU = Release|Any CPU
	EndGlobalSection
	GlobalSection(ProjectConfigurationPlatforms) = postSolution
		{92CF72D3-3B38-4DA9-A9CB-19685A590C10}.Debug|Any CPU.ActiveCfg = Debug|Any CPU
		{92CF72D3-3B38-4DA9-A9CB-19685A590C10}.Debug|Any CPU.Build.0 = Debug|Any CPU
		{92CF72D3-3B38-4DA9-A9CB-19685A590C10}.Release|Any CPU.ActiveCfg = Release|Any CPU
		{92CF72D3-3B38-4DA9-A9CB-19685A590C10}.Release|Any CPU.Build.0 = Release|Any CPU
		{C2084A5A-43CD-4D64-9884-D3574252C5B0}.Debug|Any CPU.ActiveCfg = Debug|Any CPU
		{C2084A5A-43CD-4D64-9884-D3574252C5B0}.Debug|Any CPU.Build.0 = Debug|Any CPU
		{C2084A5A-43CD-4D64-9884-D3574252C5B0}.Release|Any CPU.ActiveCfg = Release|Any CPU
		{C2084A5A-43CD-4D64-9884-D3574252C5B0}.Release|Any CPU.Build.0 = Release|Any CPU
		{6BB2F420-9219-431C-B577-BDE334FABE84}.Debug|Any CPU.ActiveCfg = Debug|Any CPU
		{6BB2F420-9219-431C-B577-BDE334FABE84}.Debug|Any CPU.Build.0 = Debug|Any CPU
		{6BB2F420-9219-431C-B577-BDE334FABE84}.Release|Any CPU.ActiveCfg = Release|Any CPU
		{6BB2F420-9219-431C-B577-BDE334FABE84}.Release|Any CPU.Build.0 = Release|Any CPU
		{C6B906DF-FB0C-4374-B3B9-060C8BC2760D}.Debug|Any CPU.ActiveCfg = Debug|Any CPU
		{C6B906DF-FB0C-4374-B3B9-060C8BC2760D}.Debug|Any CPU.Build.0 = Debug|Any CPU
		{C6B906DF-FB0C-4374-B3B9-060C8BC2760D}.Release|Any CPU.ActiveCfg = Release|Any CPU
		{C6B906DF-FB0C-4374-B3B9-060C8BC2760D}.Release|Any CPU.Build.0 = Release|Any CPU
	EndGlobalSection
	GlobalSection(SolutionProperties) = preSolution
		HideSolutionNode = FALSE
	EndGlobalSection
	GlobalSection(ExtensibilityGlobals) = postSolution
		SolutionGuid = {3EF4AD76-F421-479A-A74E-D05035354754}
	EndGlobalSection
	GlobalSection(SharedMSBuildProjectFiles) = preSolution
		My.Core\My.Core.projitems*{6bb2f420-9219-431c-b577-bde334fabe84}*SharedItemsImports = 5
		My.Core\My.Core.projitems*{92cf72d3-3b38-4da9-a9cb-19685a590c10}*SharedItemsImports = 5
		My.Core\My.Core.projitems*{d6b68ca1-0bcb-453a-a3d2-7024bce8e4ce}*SharedItemsImports = 13
	EndGlobalSection
EndGlobal
